
Microsoft Visual Studio Solution File, Format Version 12.00
# Visual Studio Version 17
VisualStudioVersion = 17.9.34728.123
MinimumVisualStudioVersion = 10.0.40219.1
Project("{9A19103F-16F7-4668-BE54-9A1E7A4F7556}") = "ReservoireApi", "ReservoireApi\ReservoireApi.csproj", "{D28B2591-3F45-4B48-A9A8-A1CBA6AE8031}"
EndProject
Project("{FAE04EC0-301F-11D3-BF4B-00C04F79EFBC}") = "Business", "Business\Business.csproj", "{6EC413E8-6017-4755-8671-184962A2DE74}"
EndProject
Project("{FAE04EC0-301F-11D3-BF4B-00C04F79EFBC}") = "Domain", "Domain\Domain.csproj", "{093A1C9C-568D-43D0-A278-23A044B97255}"
EndProject
Global
	GlobalSection(SolutionConfigurationPlatforms) = preSolution
		Debug|Any CPU = Debug|Any CPU
		Release|Any CPU = Release|Any CPU
	EndGlobalSection
	GlobalSection(ProjectConfigurationPlatforms) = postSolution
		{D28B2591-3F45-4B48-A9A8-A1CBA6AE8031}.Debug|Any CPU.ActiveCfg = Debug|Any CPU
		{D28B2591-3F45-4B48-A9A8-A1CBA6AE8031}.Debug|Any CPU.Build.0 = Debug|Any CPU
		{D28B2591-3F45-4B48-A9A8-A1CBA6AE8031}.Release|Any CPU.ActiveCfg = Release|Any CPU
		{D28B2591-3F45-4B48-A9A8-A1CBA6AE8031}.Release|Any CPU.Build.0 = Release|Any CPU
		{6EC413E8-6017-4755-8671-184962A2DE74}.Debug|Any CPU.ActiveCfg = Debug|Any CPU
		{6EC413E8-6017-4755-8671-184962A2DE74}.Debug|Any CPU.Build.0 = Debug|Any CPU
		{6EC413E8-6017-4755-8671-184962A2DE74}.Release|Any CPU.ActiveCfg = Release|Any CPU
		{6EC413E8-6017-4755-8671-184962A2DE74}.Release|Any CPU.Build.0 = Release|Any CPU
		{093A1C9C-568D-43D0-A278-23A044B97255}.Debug|Any CPU.ActiveCfg = Debug|Any CPU
		{093A1C9C-568D-43D0-A278-23A044B97255}.Debug|Any CPU.Build.0 = Debug|Any CPU
		{093A1C9C-568D-43D0-A278-23A044B97255}.Release|Any CPU.ActiveCfg = Release|Any CPU
		{093A1C9C-568D-43D0-A278-23A044B97255}.Release|Any CPU.Build.0 = Release|Any CPU
	EndGlobalSection
	GlobalSection(SolutionProperties) = preSolution
		HideSolutionNode = FALSE
	EndGlobalSection
	GlobalSection(ExtensibilityGlobals) = postSolution
		SolutionGuid = {82149817-7292-43F1-A82F-5A8B2D2A0463}
	EndGlobalSection
EndGlobal
